
Microsoft Visual Studio Solution File, Format Version 12.00
# Visual Studio 14
VisualStudioVersion = 14.0.25420.1
MinimumVisualStudioVersion = 10.0.40219.1
Project("{FAE04EC0-301F-11D3-BF4B-00C04F79EFBC}") = "ParkApp.Android", "ParkApp\ParkApp.Android\ParkApp.Android.csproj", "{BF7566CB-3B64-436E-A9AB-1A1152ABAA70}"
EndProject
Project("{FAE04EC0-301F-11D3-BF4B-00C04F79EFBC}") = "ParkApp", "ParkApp\ParkApp\ParkApp.csproj", "{0C786E4A-3BDA-4987-A7B7-7DCF2CF97876}"
EndProject
Project("{FAE04EC0-301F-11D3-BF4B-00C04F79EFBC}") = "ParkApp.iOS", "ParkApp\ParkApp.iOS\ParkApp.iOS.csproj", "{D80C2FD3-060E-41A6-8A59-1A1D75294778}"
EndProject
Project("{D954291E-2A0B-460D-934E-DC6B0785DB48}") = "ParkAppCore", "ParkAppCore\ParkAppCore.shproj", "{87DF919A-6058-485F-8B01-6046DCB8C4BE}"
EndProject
Project("{FAE04EC0-301F-11D3-BF4B-00C04F79EFBC}") = "ParkAppTestMatrix", "ParkAppTestMatrix\ParkAppTestMatrix.csproj", "{8EDF4429-251A-416D-BB68-93F227191BCF}"
EndProject
Project("{FAE04EC0-301F-11D3-BF4B-00C04F79EFBC}") = "AppCoreTest02", "AppCoreTest02\AppCoreTest02.csproj", "{68F2AFF2-9769-41BB-A64A-73AB799FC68F}"
EndProject
Global
	GlobalSection(SharedMSBuildProjectFiles) = preSolution
		ParkAppCore\ParkAppCore.projitems*{87df919a-6058-485f-8b01-6046dcb8c4be}*SharedItemsImports = 13
	EndGlobalSection
	GlobalSection(SolutionConfigurationPlatforms) = preSolution
		Ad-Hoc|Any CPU = Ad-Hoc|Any CPU
		Ad-Hoc|iPhone = Ad-Hoc|iPhone
		Ad-Hoc|iPhoneSimulator = Ad-Hoc|iPhoneSimulator
		AppStore|Any CPU = AppStore|Any CPU
		AppStore|iPhone = AppStore|iPhone
		AppStore|iPhoneSimulator = AppStore|iPhoneSimulator
		Debug|Any CPU = Debug|Any CPU
		Debug|iPhone = Debug|iPhone
		Debug|iPhoneSimulator = Debug|iPhoneSimulator
		Release|Any CPU = Release|Any CPU
		Release|iPhone = Release|iPhone
		Release|iPhoneSimulator = Release|iPhoneSimulator
	EndGlobalSection
	GlobalSection(ProjectConfigurationPlatforms) = postSolution
		{BF7566CB-3B64-436E-A9AB-1A1152ABAA70}.Ad-Hoc|Any CPU.ActiveCfg = Release|Any CPU
		{BF7566CB-3B64-436E-A9AB-1A1152ABAA70}.Ad-Hoc|Any CPU.Build.0 = Release|Any CPU
		{BF7566CB-3B64-436E-A9AB-1A1152ABAA70}.Ad-Hoc|Any CPU.Deploy.0 = Release|Any CPU
		{BF7566CB-3B64-436E-A9AB-1A1152ABAA70}.Ad-Hoc|iPhone.ActiveCfg = Release|Any CPU
		{BF7566CB-3B64-436E-A9AB-1A1152ABAA70}.Ad-Hoc|iPhone.Build.0 = Release|Any CPU
		{BF7566CB-3B64-436E-A9AB-1A1152ABAA70}.Ad-Hoc|iPhone.Deploy.0 = Release|Any CPU
		{BF7566CB-3B64-436E-A9AB-1A1152ABAA70}.Ad-Hoc|iPhoneSimulator.ActiveCfg = Release|Any CPU
		{BF7566CB-3B64-436E-A9AB-1A1152ABAA70}.Ad-Hoc|iPhoneSimulator.Build.0 = Release|Any CPU
		{BF7566CB-3B64-436E-A9AB-1A1152ABAA70}.Ad-Hoc|iPhoneSimulator.Deploy.0 = Release|Any CPU
		{BF7566CB-3B64-436E-A9AB-1A1152ABAA70}.AppStore|Any CPU.ActiveCfg = Release|Any CPU
		{BF7566CB-3B64-436E-A9AB-1A1152ABAA70}.AppStore|Any CPU.Build.0 = Release|Any CPU
		{BF7566CB-3B64-436E-A9AB-1A1152ABAA70}.AppStore|Any CPU.Deploy.0 = Release|Any CPU
		{BF7566CB-3B64-436E-A9AB-1A1152ABAA70}.AppStore|iPhone.ActiveCfg = Release|Any CPU
		{BF7566CB-3B64-436E-A9AB-1A1152ABAA70}.AppStore|iPhone.Build.0 = Release|Any CPU
		{BF7566CB-3B64-436E-A9AB-1A1152ABAA70}.AppStore|iPhone.Deploy.0 = Release|Any CPU
		{BF7566CB-3B64-436E-A9AB-1A1152ABAA70}.AppStore|iPhoneSimulator.ActiveCfg = Release|Any CPU
		{BF7566CB-3B64-436E-A9AB-1A1152ABAA70}.AppStore|iPhoneSimulator.Build.0 = Release|Any CPU
		{BF7566CB-3B64-436E-A9AB-1A1152ABAA70}.AppStore|iPhoneSimulator.Deploy.0 = Release|Any CPU
		{BF7566CB-3B64-436E-A9AB-1A1152ABAA70}.Debug|Any CPU.ActiveCfg = Debug|Any CPU
		{BF7566CB-3B64-436E-A9AB-1A1152ABAA70}.Debug|Any CPU.Build.0 = Debug|Any CPU
		{BF7566CB-3B64-436E-A9AB-1A1152ABAA70}.Debug|Any CPU.Deploy.0 = Debug|Any CPU
		{BF7566CB-3B64-436E-A9AB-1A1152ABAA70}.Debug|iPhone.ActiveCfg = Debug|Any CPU
		{BF7566CB-3B64-436E-A9AB-1A1152ABAA70}.Debug|iPhone.Build.0 = Debug|Any CPU
		{BF7566CB-3B64-436E-A9AB-1A1152ABAA70}.Debug|iPhone.Deploy.0 = Debug|Any CPU
		{BF7566CB-3B64-436E-A9AB-1A1152ABAA70}.Debug|iPhoneSimulator.ActiveCfg = Debug|Any CPU
		{BF7566CB-3B64-436E-A9AB-1A1152ABAA70}.Debug|iPhoneSimulator.Build.0 = Debug|Any CPU
		{BF7566CB-3B64-436E-A9AB-1A1152ABAA70}.Debug|iPhoneSimulator.Deploy.0 = Debug|Any CPU
		{BF7566CB-3B64-436E-A9AB-1A1152ABAA70}.Release|Any CPU.ActiveCfg = Release|Any CPU
		{BF7566CB-3B64-436E-A9AB-1A1152ABAA70}.Release|Any CPU.Build.0 = Release|Any CPU
		{BF7566CB-3B64-436E-A9AB-1A1152ABAA70}.Release|Any CPU.Deploy.0 = Release|Any CPU
		{BF7566CB-3B64-436E-A9AB-1A1152ABAA70}.Release|iPhone.ActiveCfg = Release|Any CPU
		{BF7566CB-3B64-436E-A9AB-1A1152ABAA70}.Release|iPhone.Build.0 = Release|Any CPU
		{BF7566CB-3B64-436E-A9AB-1A1152ABAA70}.Release|iPhone.Deploy.0 = Release|Any CPU
		{BF7566CB-3B64-436E-A9AB-1A1152ABAA70}.Release|iPhoneSimulator.ActiveCfg = Release|Any CPU
		{BF7566CB-3B64-436E-A9AB-1A1152ABAA70}.Release|iPhoneSimulator.Build.0 = Release|Any CPU
		{BF7566CB-3B64-436E-A9AB-1A1152ABAA70}.Release|iPhoneSimulator.Deploy.0 = Release|Any CPU
		{0C786E4A-3BDA-4987-A7B7-7DCF2CF97876}.Ad-Hoc|Any CPU.ActiveCfg = Release|Any CPU
		{0C786E4A-3BDA-4987-A7B7-7DCF2CF97876}.Ad-Hoc|Any CPU.Build.0 = Release|Any CPU
		{0C786E4A-3BDA-4987-A7B7-7DCF2CF97876}.Ad-Hoc|iPhone.ActiveCfg = Release|Any CPU
		{0C786E4A-3BDA-4987-A7B7-7DCF2CF97876}.Ad-Hoc|iPhone.Build.0 = Release|Any CPU
		{0C786E4A-3BDA-4987-A7B7-7DCF2CF97876}.Ad-Hoc|iPhoneSimulator.ActiveCfg = Release|Any CPU
		{0C786E4A-3BDA-4987-A7B7-7DCF2CF97876}.Ad-Hoc|iPhoneSimulator.Build.0 = Release|Any CPU
		{0C786E4A-3BDA-4987-A7B7-7DCF2CF97876}.AppStore|Any CPU.ActiveCfg = Release|Any CPU
		{0C786E4A-3BDA-4987-A7B7-7DCF2CF97876}.AppStore|Any CPU.Build.0 = Release|Any CPU
		{0C786E4A-3BDA-4987-A7B7-7DCF2CF97876}.AppStore|iPhone.ActiveCfg = Release|Any CPU
		{0C786E4A-3BDA-4987-A7B7-7DCF2CF97876}.AppStore|iPhone.Build.0 = Release|Any CPU
		{0C786E4A-3BDA-4987-A7B7-7DCF2CF97876}.AppStore|iPhoneSimulator.ActiveCfg = Release|Any CPU
		{0C786E4A-3BDA-4987-A7B7-7DCF2CF97876}.AppStore|iPhoneSimulator.Build.0 = Release|Any CPU
		{0C786E4A-3BDA-4987-A7B7-7DCF2CF97876}.Debug|Any CPU.ActiveCfg = Debug|Any CPU
		{0C786E4A-3BDA-4987-A7B7-7DCF2CF97876}.Debug|Any CPU.Build.0 = Debug|Any CPU
		{0C786E4A-3BDA-4987-A7B7-7DCF2CF97876}.Debug|iPhone.ActiveCfg = Debug|Any CPU
		{0C786E4A-3BDA-4987-A7B7-7DCF2CF97876}.Debug|iPhone.Build.0 = Debug|Any CPU
		{0C786E4A-3BDA-4987-A7B7-7DCF2CF97876}.Debug|iPhoneSimulator.ActiveCfg = Debug|Any CPU
		{0C786E4A-3BDA-4987-A7B7-7DCF2CF97876}.Debug|iPhoneSimulator.Build.0 = Debug|Any CPU
		{0C786E4A-3BDA-4987-A7B7-7DCF2CF97876}.Release|Any CPU.ActiveCfg = Release|Any CPU
		{0C786E4A-3BDA-4987-A7B7-7DCF2CF97876}.Release|Any CPU.Build.0 = Release|Any CPU
		{0C786E4A-3BDA-4987-A7B7-7DCF2CF97876}.Release|iPhone.ActiveCfg = Release|Any CPU
		{0C786E4A-3BDA-4987-A7B7-7DCF2CF97876}.Release|iPhone.Build.0 = Release|Any CPU
		{0C786E4A-3BDA-4987-A7B7-7DCF2CF97876}.Release|iPhoneSimulator.ActiveCfg = Release|Any CPU
		{0C786E4A-3BDA-4987-A7B7-7DCF2CF97876}.Release|iPhoneSimulator.Build.0 = Release|Any CPU
		{D80C2FD3-060E-41A6-8A59-1A1D75294778}.Ad-Hoc|Any CPU.ActiveCfg = Ad-Hoc|iPhone
		{D80C2FD3-060E-41A6-8A59-1A1D75294778}.Ad-Hoc|iPhone.ActiveCfg = Ad-Hoc|iPhone
		{D80C2FD3-060E-41A6-8A59-1A1D75294778}.Ad-Hoc|iPhone.Build.0 = Ad-Hoc|iPhone
		{D80C2FD3-060E-41A6-8A59-1A1D75294778}.Ad-Hoc|iPhoneSimulator.ActiveCfg = Ad-Hoc|iPhoneSimulator
		{D80C2FD3-060E-41A6-8A59-1A1D75294778}.Ad-Hoc|iPhoneSimulator.Build.0 = Ad-Hoc|iPhoneSimulator
		{D80C2FD3-060E-41A6-8A59-1A1D75294778}.AppStore|Any CPU.ActiveCfg = AppStore|iPhone
		{D80C2FD3-060E-41A6-8A59-1A1D75294778}.AppStore|iPhone.ActiveCfg = AppStore|iPhone
		{D80C2FD3-060E-41A6-8A59-1A1D75294778}.AppStore|iPhone.Build.0 = AppStore|iPhone
		{D80C2FD3-060E-41A6-8A59-1A1D75294778}.AppStore|iPhoneSimulator.ActiveCfg = AppStore|iPhoneSimulator
		{D80C2FD3-060E-41A6-8A59-1A1D75294778}.AppStore|iPhoneSimulator.Build.0 = AppStore|iPhoneSimulator
		{D80C2FD3-060E-41A6-8A59-1A1D75294778}.Debug|Any CPU.ActiveCfg = Debug|iPhone
		{D80C2FD3-060E-41A6-8A59-1A1D75294778}.Debug|iPhone.ActiveCfg = Debug|iPhone
		{D80C2FD3-060E-41A6-8A59-1A1D75294778}.Debug|iPhone.Build.0 = Debug|iPhone
		{D80C2FD3-060E-41A6-8A59-1A1D75294778}.Debug|iPhoneSimulator.ActiveCfg = Debug|iPhoneSimulator
		{D80C2FD3-060E-41A6-8A59-1A1D75294778}.Debug|iPhoneSimulator.Build.0 = Debug|iPhoneSimulator
		{D80C2FD3-060E-41A6-8A59-1A1D75294778}.Release|Any CPU.ActiveCfg = Release|iPhone
		{D80C2FD3-060E-41A6-8A59-1A1D75294778}.Release|iPhone.ActiveCfg = Release|iPhone
		{D80C2FD3-060E-41A6-8A59-1A1D75294778}.Release|iPhone.Build.0 = Release|iPhone
		{D80C2FD3-060E-41A6-8A59-1A1D75294778}.Release|iPhoneSimulator.ActiveCfg = Release|iPhoneSimulator
		{D80C2FD3-060E-41A6-8A59-1A1D75294778}.Release|iPhoneSimulator.Build.0 = Release|iPhoneSimulator
		{8EDF4429-251A-416D-BB68-93F227191BCF}.Ad-Hoc|Any CPU.ActiveCfg = Release|Any CPU
		{8EDF4429-251A-416D-BB68-93F227191BCF}.Ad-Hoc|Any CPU.Build.0 = Release|Any CPU
		{8EDF4429-251A-416D-BB68-93F227191BCF}.Ad-Hoc|iPhone.ActiveCfg = Release|Any CPU
		{8EDF4429-251A-416D-BB68-93F227191BCF}.Ad-Hoc|iPhone.Build.0 = Release|Any CPU
		{8EDF4429-251A-416D-BB68-93F227191BCF}.Ad-Hoc|iPhoneSimulator.ActiveCfg = Release|Any CPU
		{8EDF4429-251A-416D-BB68-93F227191BCF}.Ad-Hoc|iPhoneSimulator.Build.0 = Release|Any CPU
		{8EDF4429-251A-416D-BB68-93F227191BCF}.AppStore|Any CPU.ActiveCfg = Release|Any CPU
		{8EDF4429-251A-416D-BB68-93F227191BCF}.AppStore|Any CPU.Build.0 = Release|Any CPU
		{8EDF4429-251A-416D-BB68-93F227191BCF}.AppStore|iPhone.ActiveCfg = Release|Any CPU
		{8EDF4429-251A-416D-BB68-93F227191BCF}.AppStore|iPhone.Build.0 = Release|Any CPU
		{8EDF4429-251A-416D-BB68-93F227191BCF}.AppStore|iPhoneSimulator.ActiveCfg = Release|Any CPU
		{8EDF4429-251A-416D-BB68-93F227191BCF}.AppStore|iPhoneSimulator.Build.0 = Release|Any CPU
		{8EDF4429-251A-416D-BB68-93F227191BCF}.Debug|Any CPU.ActiveCfg = Debug|Any CPU
		{8EDF4429-251A-416D-BB68-93F227191BCF}.Debug|Any CPU.Build.0 = Debug|Any CPU
		{8EDF4429-251A-416D-BB68-93F227191BCF}.Debug|iPhone.ActiveCfg = Debug|Any CPU
		{8EDF4429-251A-416D-BB68-93F227191BCF}.Debug|iPhone.Build.0 = Debug|Any CPU
		{8EDF4429-251A-416D-BB68-93F227191BCF}.Debug|iPhoneSimulator.ActiveCfg = Debug|Any CPU
		{8EDF4429-251A-416D-BB68-93F227191BCF}.Debug|iPhoneSimulator.Build.0 = Debug|Any CPU
		{8EDF4429-251A-416D-BB68-93F227191BCF}.Release|Any CPU.ActiveCfg = Release|Any CPU
		{8EDF4429-251A-416D-BB68-93F227191BCF}.Release|Any CPU.Build.0 = Release|Any CPU
		{8EDF4429-251A-416D-BB68-93F227191BCF}.Release|iPhone.ActiveCfg = Release|Any CPU
		{8EDF4429-251A-416D-BB68-93F227191BCF}.Release|iPhone.Build.0 = Release|Any CPU
		{8EDF4429-251A-416D-BB68-93F227191BCF}.Release|iPhoneSimulator.ActiveCfg = Release|Any CPU
		{8EDF4429-251A-416D-BB68-93F227191BCF}.Release|iPhoneSimulator.Build.0 = Release|Any CPU
		{80D6B7F2-BB63-42F3-BB2B-351D8F2742E5}.Ad-Hoc|Any CPU.ActiveCfg = Release|Any CPU
		{80D6B7F2-BB63-42F3-BB2B-351D8F2742E5}.Ad-Hoc|Any CPU.Build.0 = Release|Any CPU
		{80D6B7F2-BB63-42F3-BB2B-351D8F2742E5}.Ad-Hoc|iPhone.ActiveCfg = Release|Any CPU
		{80D6B7F2-BB63-42F3-BB2B-351D8F2742E5}.Ad-Hoc|iPhone.Build.0 = Release|Any CPU
		{80D6B7F2-BB63-42F3-BB2B-351D8F2742E5}.Ad-Hoc|iPhoneSimulator.ActiveCfg = Release|Any CPU
		{80D6B7F2-BB63-42F3-BB2B-351D8F2742E5}.Ad-Hoc|iPhoneSimulator.Build.0 = Release|Any CPU
		{80D6B7F2-BB63-42F3-BB2B-351D8F2742E5}.AppStore|Any CPU.ActiveCfg = Release|Any CPU
		{80D6B7F2-BB63-42F3-BB2B-351D8F2742E5}.AppStore|Any CPU.Build.0 = Release|Any CPU
		{80D6B7F2-BB63-42F3-BB2B-351D8F2742E5}.AppStore|iPhone.ActiveCfg = Release|Any CPU
		{80D6B7F2-BB63-42F3-BB2B-351D8F2742E5}.AppStore|iPhone.Build.0 = Release|Any CPU
		{80D6B7F2-BB63-42F3-BB2B-351D8F2742E5}.AppStore|iPhoneSimulator.ActiveCfg = Release|Any CPU
		{80D6B7F2-BB63-42F3-BB2B-351D8F2742E5}.AppStore|iPhoneSimulator.Build.0 = Release|Any CPU
		{80D6B7F2-BB63-42F3-BB2B-351D8F2742E5}.Debug|Any CPU.ActiveCfg = Debug|Any CPU
		{80D6B7F2-BB63-42F3-BB2B-351D8F2742E5}.Debug|Any CPU.Build.0 = Debug|Any CPU
		{80D6B7F2-BB63-42F3-BB2B-351D8F2742E5}.Debug|iPhone.ActiveCfg = Debug|Any CPU
		{80D6B7F2-BB63-42F3-BB2B-351D8F2742E5}.Debug|iPhone.Build.0 = Debug|Any CPU
		{80D6B7F2-BB63-42F3-BB2B-351D8F2742E5}.Debug|iPhoneSimulator.ActiveCfg = Debug|Any CPU
		{80D6B7F2-BB63-42F3-BB2B-351D8F2742E5}.Debug|iPhoneSimulator.Build.0 = Debug|Any CPU
		{80D6B7F2-BB63-42F3-BB2B-351D8F2742E5}.Release|Any CPU.ActiveCfg = Release|Any CPU
		{80D6B7F2-BB63-42F3-BB2B-351D8F2742E5}.Release|Any CPU.Build.0 = Release|Any CPU
		{80D6B7F2-BB63-42F3-BB2B-351D8F2742E5}.Release|iPhone.ActiveCfg = Release|Any CPU
		{80D6B7F2-BB63-42F3-BB2B-351D8F2742E5}.Release|iPhone.Build.0 = Release|Any CPU
		{80D6B7F2-BB63-42F3-BB2B-351D8F2742E5}.Release|iPhoneSimulator.ActiveCfg = Release|Any CPU
		{80D6B7F2-BB63-42F3-BB2B-351D8F2742E5}.Release|iPhoneSimulator.Build.0 = Release|Any CPU
		{68F2AFF2-9769-41BB-A64A-73AB799FC68F}.Ad-Hoc|Any CPU.ActiveCfg = Release|Any CPU
		{68F2AFF2-9769-41BB-A64A-73AB799FC68F}.Ad-Hoc|Any CPU.Build.0 = Release|Any CPU
		{68F2AFF2-9769-41BB-A64A-73AB799FC68F}.Ad-Hoc|iPhone.ActiveCfg = Release|Any CPU
		{68F2AFF2-9769-41BB-A64A-73AB799FC68F}.Ad-Hoc|iPhone.Build.0 = Release|Any CPU
		{68F2AFF2-9769-41BB-A64A-73AB799FC68F}.Ad-Hoc|iPhoneSimulator.ActiveCfg = Release|Any CPU
		{68F2AFF2-9769-41BB-A64A-73AB799FC68F}.Ad-Hoc|iPhoneSimulator.Build.0 = Release|Any CPU
		{68F2AFF2-9769-41BB-A64A-73AB799FC68F}.AppStore|Any CPU.ActiveCfg = Release|Any CPU
		{68F2AFF2-9769-41BB-A64A-73AB799FC68F}.AppStore|Any CPU.Build.0 = Release|Any CPU
		{68F2AFF2-9769-41BB-A64A-73AB799FC68F}.AppStore|iPhone.ActiveCfg = Release|Any CPU
		{68F2AFF2-9769-41BB-A64A-73AB799FC68F}.AppStore|iPhone.Build.0 = Release|Any CPU
		{68F2AFF2-9769-41BB-A64A-73AB799FC68F}.AppStore|iPhoneSimulator.ActiveCfg = Release|Any CPU
		{68F2AFF2-9769-41BB-A64A-73AB799FC68F}.AppStore|iPhoneSimulator.Build.0 = Release|Any CPU
		{68F2AFF2-9769-41BB-A64A-73AB799FC68F}.Debug|Any CPU.ActiveCfg = Debug|Any CPU
		{68F2AFF2-9769-41BB-A64A-73AB799FC68F}.Debug|Any CPU.Build.0 = Debug|Any CPU
		{68F2AFF2-9769-41BB-A64A-73AB799FC68F}.Debug|iPhone.ActiveCfg = Debug|Any CPU
		{68F2AFF2-9769-41BB-A64A-73AB799FC68F}.Debug|iPhone.Build.0 = Debug|Any CPU
		{68F2AFF2-9769-41BB-A64A-73AB799FC68F}.Debug|iPhoneSimulator.ActiveCfg = Debug|Any CPU
		{68F2AFF2-9769-41BB-A64A-73AB799FC68F}.Debug|iPhoneSimulator.Build.0 = Debug|Any CPU
		{68F2AFF2-9769-41BB-A64A-73AB799FC68F}.Release|Any CPU.ActiveCfg = Release|Any CPU
		{68F2AFF2-9769-41BB-A64A-73AB799FC68F}.Release|Any CPU.Build.0 = Release|Any CPU
		{68F2AFF2-9769-41BB-A64A-73AB799FC68F}.Release|iPhone.ActiveCfg = Release|Any CPU
		{68F2AFF2-9769-41BB-A64A-73AB799FC68F}.Release|iPhone.Build.0 = Release|Any CPU
		{68F2AFF2-9769-41BB-A64A-73AB799FC68F}.Release|iPhoneSimulator.ActiveCfg = Release|Any CPU
		{68F2AFF2-9769-41BB-A64A-73AB799FC68F}.Release|iPhoneSimulator.Build.0 = Release|Any CPU
	EndGlobalSection
	GlobalSection(SolutionProperties) = preSolution
		HideSolutionNode = FALSE
	EndGlobalSection
EndGlobal
